
Microsoft Visual Studio Solution File, Format Version 12.00
# Visual Studio Version 17
VisualStudioVersion = 17.12.35527.113
MinimumVisualStudioVersion = 10.0.40219.1
Project("{2150E333-8FDC-42A3-9474-1A3956D46DE8}") = "Bootsrtrapper", "Bootsrtrapper", "{3F39427B-E6CF-4FE9-9216-86184B20FF70}"
EndProject
Project("{2150E333-8FDC-42A3-9474-1A3956D46DE8}") = "Modules", "Modules", "{AEAC7D99-12CA-4CD2-BBBA-C2EF56965387}"
EndProject
Project("{2150E333-8FDC-42A3-9474-1A3956D46DE8}") = "Shared", "Shared", "{6475112A-B7B8-4A90-B5D6-D05A27AE9160}"
EndProject
Project("{FAE04EC0-301F-11D3-BF4B-00C04F79EFBC}") = "Api", "Bootstrapper\Api\Api.csproj", "{90A4A823-2B50-4EF3-9B4A-8414F51D7D9E}"
EndProject
Project("{2150E333-8FDC-42A3-9474-1A3956D46DE8}") = "Catalog", "Catalog", "{396F8C24-AADD-476B-BBE1-43403CB2A153}"
EndProject
Project("{2150E333-8FDC-42A3-9474-1A3956D46DE8}") = "Basket", "Basket", "{AD509DEC-21DD-4FD7-9670-9935C89B960F}"
EndProject
Project("{2150E333-8FDC-42A3-9474-1A3956D46DE8}") = "Ordering", "Ordering", "{D9E4F2BF-4DDB-4047-B3A6-C5C804198676}"
EndProject
Project("{FAE04EC0-301F-11D3-BF4B-00C04F79EFBC}") = "Basket", "Modules\Basket\Basket\Basket.csproj", "{56E1DDA4-AEB8-4CA2-8420-E2123DF690F6}"
EndProject
Project("{FAE04EC0-301F-11D3-BF4B-00C04F79EFBC}") = "Catalog", "Modules\Catalog\Catalog\Catalog.csproj", "{D9BEB95A-0364-432C-86ED-9E040B176F6E}"
EndProject
Project("{FAE04EC0-301F-11D3-BF4B-00C04F79EFBC}") = "Ordering", "Modules\Ordering\Ordering\Ordering.csproj", "{D4D36A0A-66AB-49EE-83CB-75C47549E1E8}"
EndProject
Project("{FAE04EC0-301F-11D3-BF4B-00C04F79EFBC}") = "Shared", "Shared\Shared\Shared.csproj", "{FF210154-A5C7-4C43-8979-BA923527F92C}"
EndProject
Project("{FAE04EC0-301F-11D3-BF4B-00C04F79EFBC}") = "eshop-modular-monolith.AppHost", "eshop-modular-monolith.AppHost\eshop-modular-monolith.AppHost.csproj", "{2792A020-5C0B-4F7C-8832-1642C465C805}"
EndProject
Project("{FAE04EC0-301F-11D3-BF4B-00C04F79EFBC}") = "eshop-modular-monolith.ServiceDefaults", "eshop-modular-monolith.ServiceDefaults\eshop-modular-monolith.ServiceDefaults.csproj", "{6AF419F6-ED71-45E0-8C1F-266B0E8AFFB9}"
EndProject
Project("{2150E333-8FDC-42A3-9474-1A3956D46DE8}") = "Aspire", "Aspire", "{EDE8BA92-C50C-429C-924D-F6784F58B857}"
EndProject
Project("{FAE04EC0-301F-11D3-BF4B-00C04F79EFBC}") = "CatalogContracts", "Modules\Catalog\CatalogContracts\CatalogContracts.csproj", "{933FE8A3-E3C3-4308-8BF5-156CF26D3356}"
EndProject
Project("{FAE04EC0-301F-11D3-BF4B-00C04F79EFBC}") = "SharedContracts", "Shared\SharedContracts\SharedContracts.csproj", "{191F05BE-C5F6-46AB-886C-77F9FC93A701}"
EndProject
Global
	GlobalSection(SolutionConfigurationPlatforms) = preSolution
		Debug|Any CPU = Debug|Any CPU
		Release|Any CPU = Release|Any CPU
	EndGlobalSection
	GlobalSection(ProjectConfigurationPlatforms) = postSolution
		{90A4A823-2B50-4EF3-9B4A-8414F51D7D9E}.Debug|Any CPU.ActiveCfg = Debug|Any CPU
		{90A4A823-2B50-4EF3-9B4A-8414F51D7D9E}.Debug|Any CPU.Build.0 = Debug|Any CPU
		{90A4A823-2B50-4EF3-9B4A-8414F51D7D9E}.Release|Any CPU.ActiveCfg = Release|Any CPU
		{90A4A823-2B50-4EF3-9B4A-8414F51D7D9E}.Release|Any CPU.Build.0 = Release|Any CPU
		{56E1DDA4-AEB8-4CA2-8420-E2123DF690F6}.Debug|Any CPU.ActiveCfg = Debug|Any CPU
		{56E1DDA4-AEB8-4CA2-8420-E2123DF690F6}.Debug|Any CPU.Build.0 = Debug|Any CPU
		{56E1DDA4-AEB8-4CA2-8420-E2123DF690F6}.Release|Any CPU.ActiveCfg = Release|Any CPU
		{56E1DDA4-AEB8-4CA2-8420-E2123DF690F6}.Release|Any CPU.Build.0 = Release|Any CPU
		{D9BEB95A-0364-432C-86ED-9E040B176F6E}.Debug|Any CPU.ActiveCfg = Debug|Any CPU
		{D9BEB95A-0364-432C-86ED-9E040B176F6E}.Debug|Any CPU.Build.0 = Debug|Any CPU
		{D9BEB95A-0364-432C-86ED-9E040B176F6E}.Release|Any CPU.ActiveCfg = Release|Any CPU
		{D9BEB95A-0364-432C-86ED-9E040B176F6E}.Release|Any CPU.Build.0 = Release|Any CPU
		{D4D36A0A-66AB-49EE-83CB-75C47549E1E8}.Debug|Any CPU.ActiveCfg = Debug|Any CPU
		{D4D36A0A-66AB-49EE-83CB-75C47549E1E8}.Debug|Any CPU.Build.0 = Debug|Any CPU
		{D4D36A0A-66AB-49EE-83CB-75C47549E1E8}.Release|Any CPU.ActiveCfg = Release|Any CPU
		{D4D36A0A-66AB-49EE-83CB-75C47549E1E8}.Release|Any CPU.Build.0 = Release|Any CPU
		{FF210154-A5C7-4C43-8979-BA923527F92C}.Debug|Any CPU.ActiveCfg = Debug|Any CPU
		{FF210154-A5C7-4C43-8979-BA923527F92C}.Debug|Any CPU.Build.0 = Debug|Any CPU
		{FF210154-A5C7-4C43-8979-BA923527F92C}.Release|Any CPU.ActiveCfg = Release|Any CPU
		{FF210154-A5C7-4C43-8979-BA923527F92C}.Release|Any CPU.Build.0 = Release|Any CPU
		{2792A020-5C0B-4F7C-8832-1642C465C805}.Debug|Any CPU.ActiveCfg = Debug|Any CPU
		{2792A020-5C0B-4F7C-8832-1642C465C805}.Debug|Any CPU.Build.0 = Debug|Any CPU
		{2792A020-5C0B-4F7C-8832-1642C465C805}.Release|Any CPU.ActiveCfg = Release|Any CPU
		{2792A020-5C0B-4F7C-8832-1642C465C805}.Release|Any CPU.Build.0 = Release|Any CPU
		{6AF419F6-ED71-45E0-8C1F-266B0E8AFFB9}.Debug|Any CPU.ActiveCfg = Debug|Any CPU
		{6AF419F6-ED71-45E0-8C1F-266B0E8AFFB9}.Debug|Any CPU.Build.0 = Debug|Any CPU
		{6AF419F6-ED71-45E0-8C1F-266B0E8AFFB9}.Release|Any CPU.ActiveCfg = Release|Any CPU
		{6AF419F6-ED71-45E0-8C1F-266B0E8AFFB9}.Release|Any CPU.Build.0 = Release|Any CPU
		{933FE8A3-E3C3-4308-8BF5-156CF26D3356}.Debug|Any CPU.ActiveCfg = Debug|Any CPU
		{933FE8A3-E3C3-4308-8BF5-156CF26D3356}.Debug|Any CPU.Build.0 = Debug|Any CPU
		{933FE8A3-E3C3-4308-8BF5-156CF26D3356}.Release|Any CPU.ActiveCfg = Release|Any CPU
		{933FE8A3-E3C3-4308-8BF5-156CF26D3356}.Release|Any CPU.Build.0 = Release|Any CPU
		{191F05BE-C5F6-46AB-886C-77F9FC93A701}.Debug|Any CPU.ActiveCfg = Debug|Any CPU
		{191F05BE-C5F6-46AB-886C-77F9FC93A701}.Debug|Any CPU.Build.0 = Debug|Any CPU
		{191F05BE-C5F6-46AB-886C-77F9FC93A701}.Release|Any CPU.ActiveCfg = Release|Any CPU
		{191F05BE-C5F6-46AB-886C-77F9FC93A701}.Release|Any CPU.Build.0 = Release|Any CPU
	EndGlobalSection
	GlobalSection(SolutionProperties) = preSolution
		HideSolutionNode = FALSE
	EndGlobalSection
	GlobalSection(NestedProjects) = preSolution
		{90A4A823-2B50-4EF3-9B4A-8414F51D7D9E} = {3F39427B-E6CF-4FE9-9216-86184B20FF70}
		{396F8C24-AADD-476B-BBE1-43403CB2A153} = {AEAC7D99-12CA-4CD2-BBBA-C2EF56965387}
		{AD509DEC-21DD-4FD7-9670-9935C89B960F} = {AEAC7D99-12CA-4CD2-BBBA-C2EF56965387}
		{D9E4F2BF-4DDB-4047-B3A6-C5C804198676} = {AEAC7D99-12CA-4CD2-BBBA-C2EF56965387}
		{56E1DDA4-AEB8-4CA2-8420-E2123DF690F6} = {AD509DEC-21DD-4FD7-9670-9935C89B960F}
		{D9BEB95A-0364-432C-86ED-9E040B176F6E} = {396F8C24-AADD-476B-BBE1-43403CB2A153}
		{D4D36A0A-66AB-49EE-83CB-75C47549E1E8} = {D9E4F2BF-4DDB-4047-B3A6-C5C804198676}
		{FF210154-A5C7-4C43-8979-BA923527F92C} = {6475112A-B7B8-4A90-B5D6-D05A27AE9160}
		{2792A020-5C0B-4F7C-8832-1642C465C805} = {EDE8BA92-C50C-429C-924D-F6784F58B857}
		{6AF419F6-ED71-45E0-8C1F-266B0E8AFFB9} = {EDE8BA92-C50C-429C-924D-F6784F58B857}
		{933FE8A3-E3C3-4308-8BF5-156CF26D3356} = {396F8C24-AADD-476B-BBE1-43403CB2A153}
		{191F05BE-C5F6-46AB-886C-77F9FC93A701} = {6475112A-B7B8-4A90-B5D6-D05A27AE9160}
	EndGlobalSection
EndGlobal
